
Microsoft Visual Studio Solution File, Format Version 12.00
# Visual Studio 14
VisualStudioVersion = 14.0.23107.0
MinimumVisualStudioVersion = 10.0.40219.1
Project("{2150E333-8FDC-42A3-9474-1A3956D46DE8}") = "assets", "assets", "{F66B8E6D-C62A-43A4-BC76-E297E47DFC1C}"
	ProjectSection(SolutionItems) = preProject
		assets\gksu_root_terminal.ico = assets\gksu_root_terminal.ico
		assets\gksu_root_terminal.png = assets\gksu_root_terminal.png
		assets\gksu_root_terminal_16.ico = assets\gksu_root_terminal_16.ico
		assets\LICENSE = assets\LICENSE
	EndProjectSection
EndProject
Project("{FAE04EC0-301F-11D3-BF4B-00C04F79EFBC}") = "IPAddressControlLib", "assets\IPAddressControlLib\IPAddressControlLib.csproj", "{A5ED2B33-5644-47C4-BC30-A4840F67FF87}"
EndProject
Project("{FAE04EC0-301F-11D3-BF4B-00C04F79EFBC}") = "PD.CLI", "PD.CLI\PD.CLI.csproj", "{21A89E7A-0C1D-4E9E-A13D-CB92864EE8A6}"
EndProject
Project("{FAE04EC0-301F-11D3-BF4B-00C04F79EFBC}") = "PD.CL.UI", "PD.CL.UI\PD.CL.UI.csproj", "{AF17210A-EFA0-44B2-817F-A7620EF6009A}"
EndProject
Project("{FAE04EC0-301F-11D3-BF4B-00C04F79EFBC}") = "PD.AP.UI", "PD.AP.UI\PD.AP.UI.csproj", "{6EE0D8DB-8D86-4C6D-AF44-DFE6B58F7604}"
EndProject
Global
	GlobalSection(SolutionConfigurationPlatforms) = preSolution
		Debug|Any CPU = Debug|Any CPU
		Release|Any CPU = Release|Any CPU
	EndGlobalSection
	GlobalSection(ProjectConfigurationPlatforms) = postSolution
		{A5ED2B33-5644-47C4-BC30-A4840F67FF87}.Debug|Any CPU.ActiveCfg = Debug|Any CPU
		{A5ED2B33-5644-47C4-BC30-A4840F67FF87}.Debug|Any CPU.Build.0 = Debug|Any CPU
		{A5ED2B33-5644-47C4-BC30-A4840F67FF87}.Release|Any CPU.ActiveCfg = Release|Any CPU
		{A5ED2B33-5644-47C4-BC30-A4840F67FF87}.Release|Any CPU.Build.0 = Release|Any CPU
		{21A89E7A-0C1D-4E9E-A13D-CB92864EE8A6}.Debug|Any CPU.ActiveCfg = Debug|Any CPU
		{21A89E7A-0C1D-4E9E-A13D-CB92864EE8A6}.Debug|Any CPU.Build.0 = Debug|Any CPU
		{21A89E7A-0C1D-4E9E-A13D-CB92864EE8A6}.Release|Any CPU.ActiveCfg = Release|Any CPU
		{21A89E7A-0C1D-4E9E-A13D-CB92864EE8A6}.Release|Any CPU.Build.0 = Release|Any CPU
		{AF17210A-EFA0-44B2-817F-A7620EF6009A}.Debug|Any CPU.ActiveCfg = Debug|Any CPU
		{AF17210A-EFA0-44B2-817F-A7620EF6009A}.Debug|Any CPU.Build.0 = Debug|Any CPU
		{AF17210A-EFA0-44B2-817F-A7620EF6009A}.Release|Any CPU.ActiveCfg = Release|Any CPU
		{AF17210A-EFA0-44B2-817F-A7620EF6009A}.Release|Any CPU.Build.0 = Release|Any CPU
		{6EE0D8DB-8D86-4C6D-AF44-DFE6B58F7604}.Debug|Any CPU.ActiveCfg = Debug|Any CPU
		{6EE0D8DB-8D86-4C6D-AF44-DFE6B58F7604}.Debug|Any CPU.Build.0 = Debug|Any CPU
		{6EE0D8DB-8D86-4C6D-AF44-DFE6B58F7604}.Release|Any CPU.ActiveCfg = Release|Any CPU
		{6EE0D8DB-8D86-4C6D-AF44-DFE6B58F7604}.Release|Any CPU.Build.0 = Release|Any CPU
	EndGlobalSection
	GlobalSection(SolutionProperties) = preSolution
		HideSolutionNode = FALSE
	EndGlobalSection
EndGlobal
