
Microsoft Visual Studio Solution File, Format Version 12.00
# Visual Studio 14
VisualStudioVersion = 14.0.23107.0
MinimumVisualStudioVersion = 10.0.40219.1
Project("{FAE04EC0-301F-11D3-BF4B-00C04F79EFBC}") = "PD.GUI", "PD.GUI\PD.GUI.csproj", "{6EE0D8DB-8D86-4C6D-AF44-DFE6B58F7604}"
EndProject
Project("{2150E333-8FDC-42A3-9474-1A3956D46DE8}") = "assets", "assets", "{F66B8E6D-C62A-43A4-BC76-E297E47DFC1C}"
	ProjectSection(SolutionItems) = preProject
		assets\gksu_root_terminal.ico = assets\gksu_root_terminal.ico
		assets\gksu_root_terminal.png = assets\gksu_root_terminal.png
		assets\gksu_root_terminal_16.ico = assets\gksu_root_terminal_16.ico
	EndProjectSection
EndProject
Global
	GlobalSection(SolutionConfigurationPlatforms) = preSolution
		Debug|Any CPU = Debug|Any CPU
		Release|Any CPU = Release|Any CPU
	EndGlobalSection
	GlobalSection(ProjectConfigurationPlatforms) = postSolution
		{6EE0D8DB-8D86-4C6D-AF44-DFE6B58F7604}.Debug|Any CPU.ActiveCfg = Debug|Any CPU
		{6EE0D8DB-8D86-4C6D-AF44-DFE6B58F7604}.Debug|Any CPU.Build.0 = Debug|Any CPU
		{6EE0D8DB-8D86-4C6D-AF44-DFE6B58F7604}.Release|Any CPU.ActiveCfg = Release|Any CPU
		{6EE0D8DB-8D86-4C6D-AF44-DFE6B58F7604}.Release|Any CPU.Build.0 = Release|Any CPU
	EndGlobalSection
	GlobalSection(SolutionProperties) = preSolution
		HideSolutionNode = FALSE
	EndGlobalSection
EndGlobal
